
Microsoft Visual Studio Solution File, Format Version 12.00
# Visual Studio 14
VisualStudioVersion = 14.0.23107.0
MinimumVisualStudioVersion = 10.0.40219.1
Project("{2150E333-8FDC-42A3-9474-1A3956D46DE8}") = "Data", "Data", "{D0043213-A051-4976-AAAD-3A2E71B8ECBA}"
EndProject
Project("{FAE04EC0-301F-11D3-BF4B-00C04F79EFBC}") = "BillableHoursWebApp.Data.Models", "Data\BillableHoursWebApp.Data.Models\BillableHoursWebApp.Data.Models.csproj", "{A78EBB90-F418-47F4-8B7C-CFCF9290EABD}"
EndProject
Project("{2150E333-8FDC-42A3-9474-1A3956D46DE8}") = "Server", "Server", "{06E09035-6E8F-4652-A75D-A4E5BAC130D6}"
EndProject
Project("{FAE04EC0-301F-11D3-BF4B-00C04F79EFBC}") = "BillableHoursWebApp.Api", "Server\BillableHoursWebApp.Api\BillableHoursWebApp.Api.csproj", "{8FD5E7F8-BDF5-4820-BB9A-9DA9B48BFE80}"
EndProject
Project("{FAE04EC0-301F-11D3-BF4B-00C04F79EFBC}") = "BillableHoursWebApp.DataTransferModels", "Server\BillableHoursWebApp.DataTransferModels\BillableHoursWebApp.DataTransferModels.csproj", "{6E4E0132-E25E-4DCB-9FF5-8B44AC038189}"
EndProject
Project("{FAE04EC0-301F-11D3-BF4B-00C04F79EFBC}") = "BillableHoursWebApp.Data", "Data\BillableHoursWebApp.Data\BillableHoursWebApp.Data.csproj", "{7CE8FEB3-BE5F-4635-8073-6822969F7E66}"
EndProject
Project("{FAE04EC0-301F-11D3-BF4B-00C04F79EFBC}") = "BillableHoursWebApp.Common", "Server\BillableHoursWebApp.Common\BillableHoursWebApp.Common.csproj", "{A7CFBDA2-59BC-44E6-BCA8-ADC2AF401753}"
EndProject
Project("{2150E333-8FDC-42A3-9474-1A3956D46DE8}") = "Services", "Services", "{3DA83A6E-8D4F-4E90-8059-46A9D61EE068}"
EndProject
Project("{FAE04EC0-301F-11D3-BF4B-00C04F79EFBC}") = "BillableHoursWebApp.Services", "Services\BillableHoursWebApp.Services\BillableHoursWebApp.Services.csproj", "{BEBBE0A4-1FBA-44D7-A51B-B923D149C4A5}"
EndProject
Project("{2150E333-8FDC-42A3-9474-1A3956D46DE8}") = "Tests", "Tests", "{3DB7BB2F-564C-4018-8414-F23C4445E179}"
EndProject
Project("{FAE04EC0-301F-11D3-BF4B-00C04F79EFBC}") = "BillableHoursWebApp.Services.Tests", "Tests\BillableHoursWebApp.Services.Tests\BillableHoursWebApp.Services.Tests.csproj", "{647CD3A3-EB8A-42E1-947E-5C3A96CEA16F}"
EndProject
Project("{2150E333-8FDC-42A3-9474-1A3956D46DE8}") = "Client", "Client", "{543466AD-2B80-4EF4-836B-771F3367F072}"
EndProject
Project("{FAE04EC0-301F-11D3-BF4B-00C04F79EFBC}") = "BillableHoursWebApp.Client.App", "Client\BillableHoursWebApp.Client.App\BillableHoursWebApp.Client.App.csproj", "{B453F02C-86C8-4291-A49D-9B1872E25E5A}"
EndProject
Project("{FAE04EC0-301F-11D3-BF4B-00C04F79EFBC}") = "BillableHoursWebApp.Api.Tests", "BillableHoursWebApp.Api.Tests\BillableHoursWebApp.Api.Tests.csproj", "{70D4CCF5-D3AE-4CAD-8DA7-6DFE441FE1DD}"
EndProject
Global
	GlobalSection(SolutionConfigurationPlatforms) = preSolution
		Debug|Any CPU = Debug|Any CPU
		Release|Any CPU = Release|Any CPU
	EndGlobalSection
	GlobalSection(ProjectConfigurationPlatforms) = postSolution
		{A78EBB90-F418-47F4-8B7C-CFCF9290EABD}.Debug|Any CPU.ActiveCfg = Debug|Any CPU
		{A78EBB90-F418-47F4-8B7C-CFCF9290EABD}.Debug|Any CPU.Build.0 = Debug|Any CPU
		{A78EBB90-F418-47F4-8B7C-CFCF9290EABD}.Release|Any CPU.ActiveCfg = Release|Any CPU
		{A78EBB90-F418-47F4-8B7C-CFCF9290EABD}.Release|Any CPU.Build.0 = Release|Any CPU
		{8FD5E7F8-BDF5-4820-BB9A-9DA9B48BFE80}.Debug|Any CPU.ActiveCfg = Debug|Any CPU
		{8FD5E7F8-BDF5-4820-BB9A-9DA9B48BFE80}.Debug|Any CPU.Build.0 = Debug|Any CPU
		{8FD5E7F8-BDF5-4820-BB9A-9DA9B48BFE80}.Release|Any CPU.ActiveCfg = Release|Any CPU
		{8FD5E7F8-BDF5-4820-BB9A-9DA9B48BFE80}.Release|Any CPU.Build.0 = Release|Any CPU
		{6E4E0132-E25E-4DCB-9FF5-8B44AC038189}.Debug|Any CPU.ActiveCfg = Debug|Any CPU
		{6E4E0132-E25E-4DCB-9FF5-8B44AC038189}.Debug|Any CPU.Build.0 = Debug|Any CPU
		{6E4E0132-E25E-4DCB-9FF5-8B44AC038189}.Release|Any CPU.ActiveCfg = Release|Any CPU
		{6E4E0132-E25E-4DCB-9FF5-8B44AC038189}.Release|Any CPU.Build.0 = Release|Any CPU
		{7CE8FEB3-BE5F-4635-8073-6822969F7E66}.Debug|Any CPU.ActiveCfg = Debug|Any CPU
		{7CE8FEB3-BE5F-4635-8073-6822969F7E66}.Debug|Any CPU.Build.0 = Debug|Any CPU
		{7CE8FEB3-BE5F-4635-8073-6822969F7E66}.Release|Any CPU.ActiveCfg = Release|Any CPU
		{7CE8FEB3-BE5F-4635-8073-6822969F7E66}.Release|Any CPU.Build.0 = Release|Any CPU
		{A7CFBDA2-59BC-44E6-BCA8-ADC2AF401753}.Debug|Any CPU.ActiveCfg = Debug|Any CPU
		{A7CFBDA2-59BC-44E6-BCA8-ADC2AF401753}.Debug|Any CPU.Build.0 = Debug|Any CPU
		{A7CFBDA2-59BC-44E6-BCA8-ADC2AF401753}.Release|Any CPU.ActiveCfg = Release|Any CPU
		{A7CFBDA2-59BC-44E6-BCA8-ADC2AF401753}.Release|Any CPU.Build.0 = Release|Any CPU
		{BEBBE0A4-1FBA-44D7-A51B-B923D149C4A5}.Debug|Any CPU.ActiveCfg = Debug|Any CPU
		{BEBBE0A4-1FBA-44D7-A51B-B923D149C4A5}.Debug|Any CPU.Build.0 = Debug|Any CPU
		{BEBBE0A4-1FBA-44D7-A51B-B923D149C4A5}.Release|Any CPU.ActiveCfg = Release|Any CPU
		{BEBBE0A4-1FBA-44D7-A51B-B923D149C4A5}.Release|Any CPU.Build.0 = Release|Any CPU
		{647CD3A3-EB8A-42E1-947E-5C3A96CEA16F}.Debug|Any CPU.ActiveCfg = Debug|Any CPU
		{647CD3A3-EB8A-42E1-947E-5C3A96CEA16F}.Debug|Any CPU.Build.0 = Debug|Any CPU
		{647CD3A3-EB8A-42E1-947E-5C3A96CEA16F}.Release|Any CPU.ActiveCfg = Release|Any CPU
		{647CD3A3-EB8A-42E1-947E-5C3A96CEA16F}.Release|Any CPU.Build.0 = Release|Any CPU
		{B453F02C-86C8-4291-A49D-9B1872E25E5A}.Debug|Any CPU.ActiveCfg = Debug|Any CPU
		{B453F02C-86C8-4291-A49D-9B1872E25E5A}.Debug|Any CPU.Build.0 = Debug|Any CPU
		{B453F02C-86C8-4291-A49D-9B1872E25E5A}.Release|Any CPU.ActiveCfg = Release|Any CPU
		{B453F02C-86C8-4291-A49D-9B1872E25E5A}.Release|Any CPU.Build.0 = Release|Any CPU
		{70D4CCF5-D3AE-4CAD-8DA7-6DFE441FE1DD}.Debug|Any CPU.ActiveCfg = Debug|Any CPU
		{70D4CCF5-D3AE-4CAD-8DA7-6DFE441FE1DD}.Debug|Any CPU.Build.0 = Debug|Any CPU
		{70D4CCF5-D3AE-4CAD-8DA7-6DFE441FE1DD}.Release|Any CPU.ActiveCfg = Release|Any CPU
		{70D4CCF5-D3AE-4CAD-8DA7-6DFE441FE1DD}.Release|Any CPU.Build.0 = Release|Any CPU
	EndGlobalSection
	GlobalSection(SolutionProperties) = preSolution
		HideSolutionNode = FALSE
	EndGlobalSection
	GlobalSection(NestedProjects) = preSolution
		{A78EBB90-F418-47F4-8B7C-CFCF9290EABD} = {D0043213-A051-4976-AAAD-3A2E71B8ECBA}
		{8FD5E7F8-BDF5-4820-BB9A-9DA9B48BFE80} = {06E09035-6E8F-4652-A75D-A4E5BAC130D6}
		{6E4E0132-E25E-4DCB-9FF5-8B44AC038189} = {06E09035-6E8F-4652-A75D-A4E5BAC130D6}
		{7CE8FEB3-BE5F-4635-8073-6822969F7E66} = {D0043213-A051-4976-AAAD-3A2E71B8ECBA}
		{A7CFBDA2-59BC-44E6-BCA8-ADC2AF401753} = {06E09035-6E8F-4652-A75D-A4E5BAC130D6}
		{BEBBE0A4-1FBA-44D7-A51B-B923D149C4A5} = {3DA83A6E-8D4F-4E90-8059-46A9D61EE068}
		{647CD3A3-EB8A-42E1-947E-5C3A96CEA16F} = {3DB7BB2F-564C-4018-8414-F23C4445E179}
		{B453F02C-86C8-4291-A49D-9B1872E25E5A} = {543466AD-2B80-4EF4-836B-771F3367F072}
		{70D4CCF5-D3AE-4CAD-8DA7-6DFE441FE1DD} = {3DB7BB2F-564C-4018-8414-F23C4445E179}
	EndGlobalSection
EndGlobal
